
Microsoft Visual Studio Solution File, Format Version 12.00
# Visual Studio Version 17
VisualStudioVersion = 17.14.36414.22
MinimumVisualStudioVersion = 10.0.40219.1
Project("{FAE04EC0-301F-11D3-BF4B-00C04F79EFBC}") = "DataAccess", "DataAccess\DataAccess.csproj", "{07AE5C72-8132-425C-BABB-4BB2FF86C996}"
EndProject
Project("{FAE04EC0-301F-11D3-BF4B-00C04F79EFBC}") = "Business", "Business\Business.csproj", "{E5D2BFDD-EE94-4AEE-96C6-5D11153E8352}"
EndProject
Project("{FAE04EC0-301F-11D3-BF4B-00C04F79EFBC}") = "Entities", "Entities\Entities.csproj", "{E1F108B9-D07F-4183-B8BE-2280B64DDD9E}"
EndProject
Project("{FAE04EC0-301F-11D3-BF4B-00C04F79EFBC}") = "ConsoleUI", "ConsoleUI\ConsoleUI.csproj", "{8F959324-BF72-4126-B9EF-32BDE8DF8ACA}"
EndProject
Project("{FAE04EC0-301F-11D3-BF4B-00C04F79EFBC}") = "Core", "Core\Core.csproj", "{2F0989FE-B142-4748-9AF5-E541AF113590}"
EndProject
Project("{FAE04EC0-301F-11D3-BF4B-00C04F79EFBC}") = "WebAPI", "WebAPI\WebAPI.csproj", "{CA52CFD1-EE9D-4205-97BB-5AEB19ABD7FE}"
EndProject
Global
	GlobalSection(SolutionConfigurationPlatforms) = preSolution
		Debug|Any CPU = Debug|Any CPU
		Release|Any CPU = Release|Any CPU
	EndGlobalSection
	GlobalSection(ProjectConfigurationPlatforms) = postSolution
		{07AE5C72-8132-425C-BABB-4BB2FF86C996}.Debug|Any CPU.ActiveCfg = Debug|Any CPU
		{07AE5C72-8132-425C-BABB-4BB2FF86C996}.Debug|Any CPU.Build.0 = Debug|Any CPU
		{07AE5C72-8132-425C-BABB-4BB2FF86C996}.Release|Any CPU.ActiveCfg = Release|Any CPU
		{07AE5C72-8132-425C-BABB-4BB2FF86C996}.Release|Any CPU.Build.0 = Release|Any CPU
		{E5D2BFDD-EE94-4AEE-96C6-5D11153E8352}.Debug|Any CPU.ActiveCfg = Debug|Any CPU
		{E5D2BFDD-EE94-4AEE-96C6-5D11153E8352}.Debug|Any CPU.Build.0 = Debug|Any CPU
		{E5D2BFDD-EE94-4AEE-96C6-5D11153E8352}.Release|Any CPU.ActiveCfg = Release|Any CPU
		{E5D2BFDD-EE94-4AEE-96C6-5D11153E8352}.Release|Any CPU.Build.0 = Release|Any CPU
		{E1F108B9-D07F-4183-B8BE-2280B64DDD9E}.Debug|Any CPU.ActiveCfg = Debug|Any CPU
		{E1F108B9-D07F-4183-B8BE-2280B64DDD9E}.Debug|Any CPU.Build.0 = Debug|Any CPU
		{E1F108B9-D07F-4183-B8BE-2280B64DDD9E}.Release|Any CPU.ActiveCfg = Release|Any CPU
		{E1F108B9-D07F-4183-B8BE-2280B64DDD9E}.Release|Any CPU.Build.0 = Release|Any CPU
		{8F959324-BF72-4126-B9EF-32BDE8DF8ACA}.Debug|Any CPU.ActiveCfg = Debug|Any CPU
		{8F959324-BF72-4126-B9EF-32BDE8DF8ACA}.Debug|Any CPU.Build.0 = Debug|Any CPU
		{8F959324-BF72-4126-B9EF-32BDE8DF8ACA}.Release|Any CPU.ActiveCfg = Release|Any CPU
		{8F959324-BF72-4126-B9EF-32BDE8DF8ACA}.Release|Any CPU.Build.0 = Release|Any CPU
		{2F0989FE-B142-4748-9AF5-E541AF113590}.Debug|Any CPU.ActiveCfg = Debug|Any CPU
		{2F0989FE-B142-4748-9AF5-E541AF113590}.Debug|Any CPU.Build.0 = Debug|Any CPU
		{2F0989FE-B142-4748-9AF5-E541AF113590}.Release|Any CPU.ActiveCfg = Release|Any CPU
		{2F0989FE-B142-4748-9AF5-E541AF113590}.Release|Any CPU.Build.0 = Release|Any CPU
		{CA52CFD1-EE9D-4205-97BB-5AEB19ABD7FE}.Debug|Any CPU.ActiveCfg = Debug|Any CPU
		{CA52CFD1-EE9D-4205-97BB-5AEB19ABD7FE}.Debug|Any CPU.Build.0 = Debug|Any CPU
		{CA52CFD1-EE9D-4205-97BB-5AEB19ABD7FE}.Release|Any CPU.ActiveCfg = Release|Any CPU
		{CA52CFD1-EE9D-4205-97BB-5AEB19ABD7FE}.Release|Any CPU.Build.0 = Release|Any CPU
	EndGlobalSection
	GlobalSection(SolutionProperties) = preSolution
		HideSolutionNode = FALSE
	EndGlobalSection
	GlobalSection(ExtensibilityGlobals) = postSolution
		SolutionGuid = {1ACE1581-6A88-4333-A23B-F50FB82BD8CA}
	EndGlobalSection
EndGlobal
